github.com/gorilla/websocket v1.4.2 h1:+/TMaTYc4QFitKJxsQ7Yye35DkWvkdLcvGKqM+x0Ufc=
github.com/gorilla/websocket v1.4.2/go.mod h1:YR8l580nyteQvAITg2hZ9XVh4b55+EU/adAjf1fMHhE=
github.com/negbie/go-baresip v0.0.0-20210522155214-e5e2bb79e865 h1:hAE+GX8yFIZ4rFi6mxqDK+MbcMTF42cruDuFw5NKMK8=
github.com/negbie/go-baresip v0.0.0-20210522155214-e5e2bb79e865/go.mod h1:nTKUR3ZEyEHAhTVL/6PLm+mB7SLsVl/xZkwkAeL9LR4=
